// !$*UTF8*$!
{
	archiveVersion = 1;
	classes = {
	};
	objectVersion = 50;
	objects = {

/* Begin PBXBuildFile section */
		258E8F7B20216D87003F4B19 /* AppDelegate.swift in Sources */ = {isa = PBXBuildFile; fileRef = 258E8F7A20216D87003F4B19 /* AppDelegate.swift */; };
		258E8F7D20216D87003F4B19 /* ViewController.swift in Sources */ = {isa = PBXBuildFile; fileRef = 258E8F7C20216D87003F4B19 /* ViewController.swift */; };
		258E8F8020216D87003F4B19 /* Main.storyboard in Resources */ = {isa = PBXBuildFile; fileRef = 258E8F7E20216D87003F4B19 /* Main.storyboard */; };
		258E8F8220216D88003F4B19 /* Assets.xcassets in Resources */ = {isa = PBXBuildFile; fileRef = 258E8F8120216D88003F4B19 /* Assets.xcassets */; };
		258E8F8520216D88003F4B19 /* LaunchScreen.storyboard in Resources */ = {isa = PBXBuildFile; fileRef = 258E8F8320216D88003F4B19 /* LaunchScreen.storyboard */; };
		258E8F9020216D88003F4B19 /* testTests.swift in Sources */ = {isa = PBXBuildFile; fileRef = 258E8F8F20216D88003F4B19 /* testTests.swift */; };
		258E8F9B20216D88003F4B19 /* testUITests.swift in Sources */ = {isa = PBXBuildFile; fileRef = 258E8F9A20216D88003F4B19 /* testUITests.swift */; };
/* End PBXBuildFile section */

/* Begin PBXContainerItemProxy section */
		258E8F8C20216D88003F4B19 /* PBXContainerItemProxy */ = {
			isa = PBXContainerItemProxy;
			containerPortal = 258E8F6F20216D87003F4B19 /* Project object */;
			proxyType = 1;
			remoteGlobalIDString = 258E8F7620216D87003F4B19;
			remoteInfo = test;
		};
		258E8F9720216D88003F4B19 /* PBXContainerItemProxy */ = {
			isa = PBXContainerItemProxy;
			containerPortal = 258E8F6F20216D87003F4B19 /* Project object */;
			proxyType = 1;
			remoteGlobalIDString = 258E8F7620216D87003F4B19;
			remoteInfo = test;
		};
/* End PBXContainerItemProxy section */

/* Begin PBXFileReference section */
		258E8F7720216D87003F4B19 /* test.app */ = {isa = PBXFileReference; explicitFileType = wrapper.application; includeInIndex = 0; path = test.app; sourceTree = BUILT_PRODUCTS_DIR; };
		258E8F7A20216D87003F4B19 /* AppDelegate.swift */ = {isa = PBXFileReference; lastKnownFileType = sourcecode.swift; path = AppDelegate.swift; sourceTree = "<group>"; };
		258E8F7C20216D87003F4B19 /* ViewController.swift */ = {isa = PBXFileReference; lastKnownFileType = sourcecode.swift; path = ViewController.swift; sourceTree = "<group>"; };
		258E8F7F20216D87003F4B19 /* Base */ = {isa = PBXFileReference; lastKnownFileType = file.storyboard; name = Base; path = Base.lproj/Main.storyboard; sourceTree = "<group>"; };
		258E8F8120216D88003F4B19 /* Assets.xcassets */ = {isa = PBXFileReference; lastKnownFileType = folder.assetcatalog; path = Assets.xcassets; sourceTree = "<group>"; };
		258E8F8420216D88003F4B19 /* Base */ = {isa = PBXFileReference; lastKnownFileType = file.storyboard; name = Base; path = Base.lproj/LaunchScreen.storyboard; sourceTree = "<group>"; };
		258E8F8620216D88003F4B19 /* Info.plist */ = {isa = PBXFileReference; lastKnownFileType = text.plist.xml; path = Info.plist; sourceTree = "<group>"; };
		258E8F8B20216D88003F4B19 /* testTests.xctest */ = {isa = PBXFileReference; explicitFileType = wrapper.cfbundle; includeInIndex = 0; path = testTests.xctest; sourceTree = BUILT_PRODUCTS_DIR; };
		258E8F8F20216D88003F4B19 /* testTests.swift */ = {isa = PBXFileReference; lastKnownFileType = sourcecode.swift; path = testTests.swift; sourceTree = "<group>"; };
		258E8F9120216D88003F4B19 /* Info.plist */ = {isa = PBXFileReference; lastKnownFileType = text.plist.xml; path = Info.plist; sourceTree = "<group>"; };
		258E8F9620216D88003F4B19 /* testUITests.xctest */ = {isa = PBXFileReference; explicitFileType = wrapper.cfbundle; includeInIndex = 0; path = testUITests.xctest; sourceTree = BUILT_PRODUCTS_DIR; };
		258E8F9A20216D88003F4B19 /* testUITests.swift */ = {isa = PBXFileReference; lastKnownFileType = sourcecode.swift; path = testUITests.swift; sourceTree = "<group>"; };
		258E8F9C20216D88003F4B19 /* Info.plist */ = {isa = PBXFileReference; lastKnownFileType = text.plist.xml; path = Info.plist; sourceTree = "<group>"; };
/* End PBXFileReference section */

/* Begin PBXFrameworksBuildPhase section */
		258E8F7420216D87003F4B19 /* Frameworks */ = {
			isa = PBXFrameworksBuildPhase;
			buildActionMask = 2147483647;
			files = (
			);
			runOnlyForDeploymentPostprocessing = 0;
		};
		258E8F8820216D88003F4B19 /* Frameworks */ = {
			isa = PBXFrameworksBuildPhase;
			buildActionMask = 2147483647;
			files = (
			);
			runOnlyForDeploymentPostprocessing = 0;
		};
		258E8F9320216D88003F4B19 /* Frameworks */ = {
			isa = PBXFrameworksBuildPhase;
			buildActionMask = 2147483647;
			files = (
			);
			runOnlyForDeploymentPostprocessing = 0;
		};
/* End PBXFrameworksBuildPhase section */

/* Begin PBXGroup section */
		258E8F6E20216D87003F4B19 = {
			isa = PBXGroup;
			children = (
				258E8F7920216D87003F4B19 /* test */,
				258E8F8E20216D88003F4B19 /* testTests */,
				258E8F9920216D88003F4B19 /* testUITests */,
				258E8F7820216D87003F4B19 /* Products */,
			);
			sourceTree = "<group>";
		};
		258E8F7820216D87003F4B19 /* Products */ = {
			isa = PBXGroup;
			children = (
				258E8F7720216D87003F4B19 /* test.app */,
				258E8F8B20216D88003F4B19 /* testTests.xctest */,
				258E8F9620216D88003F4B19 /* testUITests.xctest */,
			);
			name = Products;
			sourceTree = "<group>";
		};
		258E8F7920216D87003F4B19 /* test */ = {
			isa = PBXGroup;
			children = (
				258E8F7A20216D87003F4B19 /* AppDelegate.swift */,
				258E8F7C20216D87003F4B19 /* ViewController.swift */,
				258E8F7E20216D87003F4B19 /* Main.storyboard */,
				258E8F8120216D88003F4B19 /* Assets.xcassets */,
				258E8F8320216D88003F4B19 /* LaunchScreen.storyboard */,
				258E8F8620216D88003F4B19 /* Info.plist */,
			);
			path = test;
			sourceTree = "<group>";
		};
		258E8F8E20216D88003F4B19 /* testTests */ = {
			isa = PBXGroup;
			children = (
				258E8F8F20216D88003F4B19 /* testTests.swift */,
				258E8F9120216D88003F4B19 /* Info.plist */,
			);
			path = testTests;
			sourceTree = "<group>";
		};
		258E8F9920216D88003F4B19 /* testUITests */ = {
			isa = PBXGroup;
			children = (
				258E8F9A20216D88003F4B19 /* testUITests.swift */,
				258E8F9C20216D88003F4B19 /* Info.plist */,
			);
			path = testUITests;
			sourceTree = "<group>";
		};
/* End PBXGroup section */

/* Begin PBXNativeTarget section */
		258E8F7620216D87003F4B19 /* test */ = {
			isa = PBXNativeTarget;
			buildConfigurationList = 258E8F9F20216D88003F4B19 /* Build configuration list for PBXNativeTarget "test" */;
			buildPhases = (
				258E8F7320216D87003F4B19 /* Sources */,
				258E8F7420216D87003F4B19 /* Frameworks */,
				258E8F7520216D87003F4B19 /* Resources */,
			);
			buildRules = (
			);
			dependencies = (
			);
			name = test;
			productName = test;
			productReference = 258E8F7720216D87003F4B19 /* test.app */;
			productType = "com.apple.product-type.application";
		};
		258E8F8A20216D88003F4B19 /* testTests */ = {
			isa = PBXNativeTarget;
			buildConfigurationList = 258E8FA220216D88003F4B19 /* Build configuration list for PBXNativeTarget "testTests" */;
			buildPhases = (
				258E8F8720216D88003F4B19 /* Sources */,
				258E8F8820216D88003F4B19 /* Frameworks */,
				258E8F8920216D88003F4B19 /* Resources */,
			);
			buildRules = (
			);
			dependencies = (
				258E8F8D20216D88003F4B19 /* PBXTargetDependency */,
			);
			name = testTests;
			productName = testTests;
			productReference = 258E8F8B20216D88003F4B19 /* testTests.xctest */;
			productType = "com.apple.product-type.bundle.unit-test";
		};
		258E8F9520216D88003F4B19 /* testUITests */ = {
			isa = PBXNativeTarget;
			buildConfigurationList = 258E8FA520216D88003F4B19 /* Build configuration list for PBXNativeTarget "testUITests" */;
			buildPhases = (
				258E8F9220216D88003F4B19 /* Sources */,
				258E8F9320216D88003F4B19 /* Frameworks */,
				258E8F9420216D88003F4B19 /* Resources */,
			);
			buildRules = (
			);
			dependencies = (
				258E8F9820216D88003F4B19 /* PBXTargetDependency */,
			);
			name = testUITests;
			productName = testUITests;
			productReference = 258E8F9620216D88003F4B19 /* testUITests.xctest */;
			productType = "com.apple.product-type.bundle.ui-testing";
		};
/* End PBXNativeTarget section */

/* Begin PBXProject section */
		258E8F6F20216D87003F4B19 /* Project object */ = {
			isa = PBXProject;
			attributes = {
				LastSwiftUpdateCheck = 0930;
				LastUpgradeCheck = 0930;
				ORGANIZATIONNAME = "Patrick Glynn";
				TargetAttributes = {
					258E8F7620216D87003F4B19 = {
						CreatedOnToolsVersion = 9.3;
					};
					258E8F8A20216D88003F4B19 = {
						CreatedOnToolsVersion = 9.3;
						TestTargetID = 258E8F7620216D87003F4B19;
					};
					258E8F9520216D88003F4B19 = {
						CreatedOnToolsVersion = 9.3;
						TestTargetID = 258E8F7620216D87003F4B19;
					};
				};
			};
			buildConfigurationList = 258E8F7220216D87003F4B19 /* Build configuration list for PBXProject "test" */;
			compatibilityVersion = "Xcode 9.3";
			developmentRegion = en;
			hasScannedForEncodings = 0;
			knownRegions = (
				en,
				Base,
			);
			mainGroup = 258E8F6E20216D87003F4B19;
			productRefGroup = 258E8F7820216D87003F4B19 /* Products */;
			projectDirPath = "";
			projectRoot = "";
			targets = (
				258E8F7620216D87003F4B19 /* test */,
				258E8F8A20216D88003F4B19 /* testTests */,
				258E8F9520216D88003F4B19 /* testUITests */,
			);
		};
/* End PBXProject section */

/* Begin PBXResourcesBuildPhase section */
		258E8F7520216D87003F4B19 /* Resources */ = {
			isa = PBXResourcesBuildPhase;
			buildActionMask = 2147483647;
			files = (
				258E8F8520216D88003F4B19 /* LaunchScreen.storyboard in Resources */,
				258E8F8220216D88003F4B19 /* Assets.xcassets in Resources */,
				258E8F8020216D87003F4B19 /* Main.storyboard in Resources */,
			);
			runOnlyForDeploymentPostprocessing = 0;
		};
		258E8F8920216D88003F4B19 /* Resources */ = {
			isa = PBXResourcesBuildPhase;
			buildActionMask = 2147483647;
			files = (
			);
			runOnlyForDeploymentPostprocessing = 0;
		};
		258E8F9420216D88003F4B19 /* Resources */ = {
			isa = PBXResourcesBuildPhase;
			buildActionMask = 2147483647;
			files = (
			);
			runOnlyForDeploymentPostprocessing = 0;
		};
/* End PBXResourcesBuildPhase section */

/* Begin PBXSourcesBuildPhase section */
		258E8F7320216D87003F4B19 /* Sources */ = {
			isa = PBXSourcesBuildPhase;
			buildActionMask = 2147483647;
			files = (
				258E8F7D20216D87003F4B19 /* ViewController.swift in Sources */,
				258E8F7B20216D87003F4B19 /* AppDelegate.swift in Sources */,
			);
			runOnlyForDeploymentPostprocessing = 0;
		};
		258E8F8720216D88003F4B19 /* Sources */ = {
			isa = PBXSourcesBuildPhase;
			buildActionMask = 2147483647;
			files = (
				258E8F9020216D88003F4B19 /* testTests.swift in Sources */,
			);
			runOnlyForDeploymentPostprocessing = 0;
		};
		258E8F9220216D88003F4B19 /* Sources */ = {
			isa = PBXSourcesBuildPhase;
			buildActionMask = 2147483647;
			files = (
				258E8F9B20216D88003F4B19 /* testUITests.swift in Sources */,
			);
			runOnlyForDeploymentPostprocessing = 0;
		};
/* End PBXSourcesBuildPhase section */

/* Begin PBXTargetDependency section */
		258E8F8D20216D88003F4B19 /* PBXTargetDependency */ = {
			isa = PBXTargetDependency;
			target = 258E8F7620216D87003F4B19 /* test */;
			targetProxy = 258E8F8C20216D88003F4B19 /* PBXContainerItemProxy */;
		};
		258E8F9820216D88003F4B19 /* PBXTargetDependency */ = {
			isa = PBXTargetDependency;
			target = 258E8F7620216D87003F4B19 /* test */;
			targetProxy = 258E8F9720216D88003F4B19 /* PBXContainerItemProxy */;
		};
/* End PBXTargetDependency section */

/* Begin PBXVariantGroup section */
		258E8F7E20216D87003F4B19 /* Main.storyboard */ = {
			isa = PBXVariantGroup;
			children = (
				258E8F7F20216D87003F4B19 /* Base */,
			);
			name = Main.storyboard;
			sourceTree = "<group>";
		};
		258E8F8320216D88003F4B19 /* LaunchScreen.storyboard */ = {
			isa = PBXVariantGroup;
			children = (
				258E8F8420216D88003F4B19 /* Base */,
			);
			name = LaunchScreen.storyboard;
			sourceTree = "<group>";
		};
/* End PBXVariantGroup section */

/* Begin XCBuildConfiguration section */
		258E8F9D20216D88003F4B19 /* Debug */ = {
			isa = XCBuildConfiguration;
			buildSettings = {
				ALWAYS_SEARCH_USER_PATHS = NO;
				CLANG_ANALYZER_NONNULL = YES;
				CLANG_ANALYZER_NUMBER_OBJECT_CONVERSION = YES_AGGRESSIVE;
				CLANG_CXX_LANGUAGE_STANDARD = "gnu++14";
				CLANG_CXX_LIBRARY = "libc++";
				CLANG_ENABLE_MODULES = YES;
				CLANG_ENABLE_OBJC_ARC = YES;
				CLANG_ENABLE_OBJC_WEAK = YES;
				CLANG_WARN_BLOCK_CAPTURE_AUTORELEASING = YES;
				CLANG_WARN_BOOL_CONVERSION = YES;
				CLANG_WARN_COMMA = YES;
				CLANG_WARN_CONSTANT_CONVERSION = YES;
				CLANG_WARN_DEPRECATED_OBJC_IMPLEMENTATIONS = YES;
				CLANG_WARN_DIRECT_OBJC_ISA_USAGE = YES_ERROR;
				CLANG_WARN_DOCUMENTATION_COMMENTS = YES;
				CLANG_WARN_EMPTY_BODY = YES;
				CLANG_WARN_ENUM_CONVERSION = YES;
				CLANG_WARN_INFINITE_RECURSION = YES;
				CLANG_WARN_INT_CONVERSION = YES;
				CLANG_WARN_NON_LITERAL_NULL_CONVERSION = YES;
				CLANG_WARN_OBJC_IMPLICIT_RETAIN_SELF = YES;
				CLANG_WARN_OBJC_LITERAL_CONVERSION = YES;
				CLANG_WARN_OBJC_ROOT_CLASS = YES_ERROR;
				CLANG_WARN_RANGE_LOOP_ANALYSIS = YES;
				CLANG_WARN_STRICT_PROTOTYPES = YES;
				CLANG_WARN_SUSPICIOUS_MOVE = YES;
				CLANG_WARN_UNGUARDED_AVAILABILITY = YES_AGGRESSIVE;
				CLANG_WARN_UNREACHABLE_CODE = YES;
				CLANG_WARN__DUPLICATE_METHOD_MATCH = YES;
				CODE_SIGN_IDENTITY = "iPhone Developer";
				COPY_PHASE_STRIP = NO;
				DEBUG_INFORMATION_FORMAT = dwarf;
				ENABLE_STRICT_OBJC_MSGSEND = YES;
				ENABLE_TESTABILITY = YES;
				GCC_C_LANGUAGE_STANDARD = gnu11;
				GCC_DYNAMIC_NO_PIC = NO;
				GCC_NO_COMMON_BLOCKS = YES;
				GCC_OPTIMIZATION_LEVEL = 0;
				GCC_PREPROCESSOR_DEFINITIONS = (
					"DEBUG=1",
					"$(inherited)",
				);
				GCC_WARN_64_TO_32_BIT_CONVERSION = YES;
				GCC_WARN_ABOUT_RETURN_TYPE = YES_ERROR;
				GCC_WARN_UNDECLARED_SELECTOR = YES;
				GCC_WARN_UNINITIALIZED_AUTOS = YES_AGGRESSIVE;
				GCC_WARN_UNUSED_FUNCTION = YES;
				GCC_WARN_UNUSED_VARIABLE = YES;
				IPHONEOS_DEPLOYMENT_TARGET = 11.3;
				MTL_ENABLE_DEBUG_INFO = YES;
				ONLY_ACTIVE_ARCH = YES;
				SDKROOT = iphoneos;
				SWIFT_ACTIVE_COMPILATION_CONDITIONS = DEBUG;
				SWIFT_OPTIMIZATION_LEVEL = "-Onone";
			};
			name = Debug;
		};
		258E8F9E20216D88003F4B19 /* Release */ = {
			isa = XCBuildConfiguration;
			buildSettings = {
				ALWAYS_SEARCH_USER_PATHS = NO;
				CLANG_ANALYZER_NONNULL = YES;
				CLANG_ANALYZER_NUMBER_OBJECT_CONVERSION = YES_AGGRESSIVE;
				CLANG_CXX_LANGUAGE_STANDARD = "gnu++14";
				CLANG_CXX_LIBRARY = "libc++";
				CLANG_ENABLE_MODULES = YES;
				CLANG_ENABLE_OBJC_ARC = YES;
				CLANG_ENABLE_OBJC_WEAK = YES;
				CLANG_WARN_BLOCK_CAPTURE_AUTORELEASING = YES;
				CLANG_WARN_BOOL_CONVERSION = YES;
				CLANG_WARN_COMMA = YES;
				CLANG_WARN_CONSTANT_CONVERSION = YES;
				CLANG_WARN_DEPRECATED_OBJC_IMPLEMENTATIONS = YES;
				CLANG_WARN_DIRECT_OBJC_ISA_USAGE = YES_ERROR;
				CLANG_WARN_DOCUMENTATION_COMMENTS = YES;
				CLANG_WARN_EMPTY_BODY = YES;
				CLANG_WARN_ENUM_CONVERSION = YES;
				CLANG_WARN_INFINITE_RECURSION = YES;
				CLANG_WARN_INT_CONVERSION = YES;
				CLANG_WARN_NON_LITERAL_NULL_CONVERSION = YES;
				CLANG_WARN_OBJC_IMPLICIT_RETAIN_SELF = YES;
				CLANG_WARN_OBJC_LITERAL_CONVERSION = YES;
				CLANG_WARN_OBJC_ROOT_CLASS = YES_ERROR;
				CLANG_WARN_RANGE_LOOP_ANALYSIS = YES;
				CLANG_WARN_STRICT_PROTOTYPES = YES;
				CLANG_WARN_SUSPICIOUS_MOVE = YES;
				CLANG_WARN_UNGUARDED_AVAILABILITY = YES_AGGRESSIVE;
				CLANG_WARN_UNREACHABLE_CODE = YES;
				CLANG_WARN__DUPLICATE_METHOD_MATCH = YES;
				CODE_SIGN_IDENTITY = "iPhone Developer";
				COPY_PHASE_STRIP = NO;
				DEBUG_INFORMATION_FORMAT = "dwarf-with-dsym";
				ENABLE_NS_ASSERTIONS = NO;
				ENABLE_STRICT_OBJC_MSGSEND = YES;
				GCC_C_LANGUAGE_STANDARD = gnu11;
				GCC_NO_COMMON_BLOCKS = YES;
				GCC_WARN_64_TO_32_BIT_CONVERSION = YES;
				GCC_WARN_ABOUT_RETURN_TYPE = YES_ERROR;
				GCC_WARN_UNDECLARED_SELECTOR = YES;
				GCC_WARN_UNINITIALIZED_AUTOS = YES_AGGRESSIVE;
				GCC_WARN_UNUSED_FUNCTION = YES;
				GCC_WARN_UNUSED_VARIABLE = YES;
				IPHONEOS_DEPLOYMENT_TARGET = 11.3;
				MTL_ENABLE_DEBUG_INFO = NO;
				SDKROOT = iphoneos;
				SWIFT_OPTIMIZATION_LEVEL = "-Owholemodule";
				VALIDATE_PRODUCT = YES;
			};
			name = Release;
		};
		258E8FA020216D88003F4B19 /* Debug */ = {
			isa = XCBuildConfiguration;
			buildSettings = {
				ASSETCATALOG_COMPILER_APPICON_NAME = AppIcon;
				CODE_SIGN_STYLE = Automatic;
				DEVELOPMENT_TEAM = 6FS7PWAFKG;
				INFOPLIST_FILE = test/Info.plist;
				LD_RUNPATH_SEARCH_PATHS = (
					"$(inherited)",
					"@executable_path/Frameworks",
				);
				PRODUCT_BUNDLE_IDENTIFIER = com.apple.boys.test;
				PRODUCT_NAME = "$(TARGET_NAME)";
				SWIFT_VERSION = 4.0;
				TARGETED_DEVICE_FAMILY = "1,2";
			};
			name = Debug;
		};
		258E8FA120216D88003F4B19 /* Release */ = {
			isa = XCBuildConfiguration;
			buildSettings = {
				ASSETCATALOG_COMPILER_APPICON_NAME = AppIcon;
				CODE_SIGN_STYLE = Automatic;
				DEVELOPMENT_TEAM = 6FS7PWAFKG;
				INFOPLIST_FILE = test/Info.plist;
				LD_RUNPATH_SEARCH_PATHS = (
					"$(inherited)",
					"@executable_path/Frameworks",
				);
				PRODUCT_BUNDLE_IDENTIFIER = com.apple.boys.test;
				PRODUCT_NAME = "$(TARGET_NAME)";
				SWIFT_VERSION = 4.0;
				TARGETED_DEVICE_FAMILY = "1,2";
			};
			name = Release;
		};
		258E8FA320216D88003F4B19 /* Debug */ = {
			isa = XCBuildConfiguration;
			buildSettings = {
				ALWAYS_EMBED_SWIFT_STANDARD_LIBRARIES = YES;
				BUNDLE_LOADER = "$(TEST_HOST)";
				CODE_SIGN_STYLE = Automatic;
				DEVELOPMENT_TEAM = 6FS7PWAFKG;
				INFOPLIST_FILE = testTests/Info.plist;
				LD_RUNPATH_SEARCH_PATHS = (
					"$(inherited)",
					"@executable_path/Frameworks",
					"@loader_path/Frameworks",
				);
				PRODUCT_BUNDLE_IDENTIFIER = com.apple.boys.testTests;
				PRODUCT_NAME = "$(TARGET_NAME)";
				SWIFT_VERSION = 4.0;
				TARGETED_DEVICE_FAMILY = "1,2";
				TEST_HOST = "$(BUILT_PRODUCTS_DIR)/test.app/test";
			};
			name = Debug;
		};
		258E8FA420216D88003F4B19 /* Release */ = {
			isa = XCBuildConfiguration;
			buildSettings = {
				ALWAYS_EMBED_SWIFT_STANDARD_LIBRARIES = YES;
				BUNDLE_LOADER = "$(TEST_HOST)";
				CODE_SIGN_STYLE = Automatic;
				DEVELOPMENT_TEAM = 6FS7PWAFKG;
				INFOPLIST_FILE = testTests/Info.plist;
				LD_RUNPATH_SEARCH_PATHS = (
					"$(inherited)",
					"@executable_path/Frameworks",
					"@loader_path/Frameworks",
				);
				PRODUCT_BUNDLE_IDENTIFIER = com.apple.boys.testTests;
				PRODUCT_NAME = "$(TARGET_NAME)";
				SWIFT_VERSION = 4.0;
				TARGETED_DEVICE_FAMILY = "1,2";
				TEST_HOST = "$(BUILT_PRODUCTS_DIR)/test.app/test";
			};
			name = Release;
		};
		258E8FA620216D88003F4B19 /* Debug */ = {
			isa = XCBuildConfiguration;
			buildSettings = {
				ALWAYS_EMBED_SWIFT_STANDARD_LIBRARIES = YES;
				CODE_SIGN_STYLE = Automatic;
				DEVELOPMENT_TEAM = 6FS7PWAFKG;
				INFOPLIST_FILE = testUITests/Info.plist;
				LD_RUNPATH_SEARCH_PATHS = (
					"$(inherited)",
					"@executable_path/Frameworks",
					"@loader_path/Frameworks",
				);
				PRODUCT_BUNDLE_IDENTIFIER = com.apple.boys.testUITests;
				PRODUCT_NAME = "$(TARGET_NAME)";
				SWIFT_VERSION = 4.0;
				TARGETED_DEVICE_FAMILY = "1,2";
				TEST_TARGET_NAME = test;
			};
			name = Debug;
		};
		258E8FA720216D88003F4B19 /* Release */ = {
			isa = XCBuildConfiguration;
			buildSettings = {
				ALWAYS_EMBED_SWIFT_STANDARD_LIBRARIES = YES;
				CODE_SIGN_STYLE = Automatic;
				DEVELOPMENT_TEAM = 6FS7PWAFKG;
				INFOPLIST_FILE = testUITests/Info.plist;
				LD_RUNPATH_SEARCH_PATHS = (
					"$(inherited)",
					"@executable_path/Frameworks",
					"@loader_path/Frameworks",
				);
				PRODUCT_BUNDLE_IDENTIFIER = com.apple.boys.testUITests;
				PRODUCT_NAME = "$(TARGET_NAME)";
				SWIFT_VERSION = 4.0;
				TARGETED_DEVICE_FAMILY = "1,2";
				TEST_TARGET_NAME = test;
			};
			name = Release;
		};
/* End XCBuildConfiguration section */

/* Begin XCConfigurationList section */
		258E8F7220216D87003F4B19 /* Build configuration list for PBXProject "test" */ = {
			isa = XCConfigurationList;
			buildConfigurations = (
				258E8F9D20216D88003F4B19 /* Debug */,
				258E8F9E20216D88003F4B19 /* Release */,
			);
			defaultConfigurationIsVisible = 0;
			defaultConfigurationName = Release;
		};
		258E8F9F20216D88003F4B19 /* Build configuration list for PBXNativeTarget "test" */ = {
			isa = XCConfigurationList;
			buildConfigurations = (
				258E8FA020216D88003F4B19 /* Debug */,
				258E8FA120216D88003F4B19 /* Release */,
			);
			defaultConfigurationIsVisible = 0;
			defaultConfigurationName = Release;
		};
		258E8FA220216D88003F4B19 /* Build configuration list for PBXNativeTarget "testTests" */ = {
			isa = XCConfigurationList;
			buildConfigurations = (
				258E8FA320216D88003F4B19 /* Debug */,
				258E8FA420216D88003F4B19 /* Release */,
			);
			defaultConfigurationIsVisible = 0;
			defaultConfigurationName = Release;
		};
		258E8FA520216D88003F4B19 /* Build configuration list for PBXNativeTarget "testUITests" */ = {
			isa = XCConfigurationList;
			buildConfigurations = (
				258E8FA620216D88003F4B19 /* Debug */,
				258E8FA720216D88003F4B19 /* Release */,
			);
			defaultConfigurationIsVisible = 0;
			defaultConfigurationName = Release;
		};
/* End XCConfigurationList section */
	};
	rootObject = 258E8F6F20216D87003F4B19 /* Project object */;
}
